<Solution>
  <Project Path="Assembly-CSharp.csproj" />
  <Project Path="xwilarg.eu.zirk.sketch.persistency.csproj" />
  <Project Path="xwilarg.eu.zirk.sketch.drawing.csproj" />
  <Project Path="xwilarg.eu.zirk.sketch.firstpersoncontroller.csproj" />
  <Project Path="xwilarg.eu.zirk.sketch.visualnovel.csproj" />
  <Project Path="xwilarg.eu.zirk.sketch.common.csproj" />
  <Project Path="xwilarg.eu.zirk.sketch.translation.csproj" />
  <Project Path="xwilarg.eu.zirk.sketch.grid.csproj" />
</Solution>
